
Microsoft Visual Studio Solution File, Format Version 12.00
# Visual Studio Version 17
VisualStudioVersion = 17.8.34511.84
MinimumVisualStudioVersion = 10.0.40219.1
Project("{FAE04EC0-301F-11D3-BF4B-00C04F79EFBC}") = "Ukol 3", "Ukol 3\Ukol 3.csproj", "{12823925-E8A9-494E-83B8-1E779B3087E1}"
EndProject
Global
	GlobalSection(SolutionConfigurationPlatforms) = preSolution
		Debug|Any CPU = Debug|Any CPU
		Release|Any CPU = Release|Any CPU
	EndGlobalSection
	GlobalSection(ProjectConfigurationPlatforms) = postSolution
		{12823925-E8A9-494E-83B8-1E779B3087E1}.Debug|Any CPU.ActiveCfg = Debug|Any CPU
		{12823925-E8A9-494E-83B8-1E779B3087E1}.Debug|Any CPU.Build.0 = Debug|Any CPU
		{12823925-E8A9-494E-83B8-1E779B3087E1}.Release|Any CPU.ActiveCfg = Release|Any CPU
		{12823925-E8A9-494E-83B8-1E779B3087E1}.Release|Any CPU.Build.0 = Release|Any CPU
	EndGlobalSection
	GlobalSection(SolutionProperties) = preSolution
		HideSolutionNode = FALSE
	EndGlobalSection
	GlobalSection(ExtensibilityGlobals) = postSolution
		SolutionGuid = {C59F6AEC-924E-4C99-9E43-78942F24E8CF}
	EndGlobalSection
EndGlobal
